Microsoft Visual Studio Solution File, Format Version 11.00
# Visual Studio 2010
Project("{288FD67F-75A7-5479-B97F-BC23807054F4}") = "Audio Library Installer", "Audio Library Installer.vcxproj", "{E64DD9C0-533E-4DAB-4DB9-191466D9122D}"
EndProject
Global
	GlobalSection(SolutionConfigurationPlatforms) = preSolution
		Debug|Win32 = Debug|Win32
		Release|Win32 = Release|Win32
	EndGlobalSection
	GlobalSection(ProjectConfigurationPlatforms) = postSolution
		{E64DD9C0-533E-4DAB-4DB9-191466D9122D}.Debug|Win32.ActiveCfg = Debug|Win32
		{E64DD9C0-533E-4DAB-4DB9-191466D9122D}.Debug|Win32.Build.0 = Debug|Win32
		{E64DD9C0-533E-4DAB-4DB9-191466D9122D}.Release|Win32.ActiveCfg = Release|Win32
		{E64DD9C0-533E-4DAB-4DB9-191466D9122D}.Release|Win32.Build.0 = Release|Win32
	EndGlobalSection
	GlobalSection(SolutionProperties) = preSolution
		HideSolutionNode = FALSE
	EndGlobalSection
EndGlobal
